
Microsoft Visual Studio Solution File, Format Version 12.00
# Visual Studio Version 16
VisualStudioVersion = 16.0.31702.278
MinimumVisualStudioVersion = 10.0.40219.1
Project("{FAE04EC0-301F-11D3-BF4B-00C04F79EFBC}") = "FrontEnd", "FrontEnd\FrontEnd.csproj", "{47BA4A4A-185D-4DED-A241-3C84C495E713}"
EndProject
Project("{FAE04EC0-301F-11D3-BF4B-00C04F79EFBC}") = "BackEnd", "BackEnd\BackEnd.csproj", "{6D327BE7-5990-4857-9D13-D5919BC5FAAE}"
EndProject
Global
	GlobalSection(SolutionConfigurationPlatforms) = preSolution
		Debug|Any CPU = Debug|Any CPU
		Release|Any CPU = Release|Any CPU
	EndGlobalSection
	GlobalSection(ProjectConfigurationPlatforms) = postSolution
		{47BA4A4A-185D-4DED-A241-3C84C495E713}.Debug|Any CPU.ActiveCfg = Debug|Any CPU
		{47BA4A4A-185D-4DED-A241-3C84C495E713}.Debug|Any CPU.Build.0 = Debug|Any CPU
		{47BA4A4A-185D-4DED-A241-3C84C495E713}.Release|Any CPU.ActiveCfg = Release|Any CPU
		{47BA4A4A-185D-4DED-A241-3C84C495E713}.Release|Any CPU.Build.0 = Release|Any CPU
		{6D327BE7-5990-4857-9D13-D5919BC5FAAE}.Debug|Any CPU.ActiveCfg = Debug|Any CPU
		{6D327BE7-5990-4857-9D13-D5919BC5FAAE}.Debug|Any CPU.Build.0 = Debug|Any CPU
		{6D327BE7-5990-4857-9D13-D5919BC5FAAE}.Release|Any CPU.ActiveCfg = Release|Any CPU
		{6D327BE7-5990-4857-9D13-D5919BC5FAAE}.Release|Any CPU.Build.0 = Release|Any CPU
	EndGlobalSection
	GlobalSection(SolutionProperties) = preSolution
		HideSolutionNode = FALSE
	EndGlobalSection
	GlobalSection(ExtensibilityGlobals) = postSolution
		SolutionGuid = {42A85ABE-C319-4969-BB8D-E4952D41F731}
	EndGlobalSection
EndGlobal
